
Microsoft Visual Studio Solution File, Format Version 11.00
# Visual Studio 2010
Project("{FAE04EC0-301F-11D3-BF4B-00C04F79EFBC}") = "foggy", "foggy\foggy.csproj", "{3D2B7211-BFEA-47C3-97FD-49D888DF026E}"
EndProject
Project("{FAE04EC0-301F-11D3-BF4B-00C04F79EFBC}") = "FoggyLib", "FoggyLib\FoggyLib.csproj", "{DA893984-A63C-4F50-BC14-FEA4DBA12170}"
EndProject
Project("{FAE04EC0-301F-11D3-BF4B-00C04F79EFBC}") = "FoggyTest", "FoggyTest\FoggyTest.csproj", "{9DFDBABF-D800-4E75-AC5B-6D786354D913}"
EndProject
Project("{2150E333-8FDC-42A3-9474-1A3956D46DE8}") = "Solution Items", "Solution Items", "{CA634750-B027-4B7E-83E4-68F1671E1547}"
	ProjectSection(SolutionItems) = preProject
		..\Foggy.build = ..\Foggy.build
		..\go.bat = ..\go.bat
	EndProjectSection
EndProject
Global
	GlobalSection(SolutionConfigurationPlatforms) = preSolution
		AutomatedDebug|Any CPU = AutomatedDebug|Any CPU
		AutomatedDebug|Mixed Platforms = AutomatedDebug|Mixed Platforms
		AutomatedDebug|x86 = AutomatedDebug|x86
		AutomatedRelease|Any CPU = AutomatedRelease|Any CPU
		AutomatedRelease|Mixed Platforms = AutomatedRelease|Mixed Platforms
		AutomatedRelease|x86 = AutomatedRelease|x86
		Debug|Any CPU = Debug|Any CPU
		Debug|Mixed Platforms = Debug|Mixed Platforms
		Debug|x86 = Debug|x86
		Release|Any CPU = Release|Any CPU
		Release|Mixed Platforms = Release|Mixed Platforms
		Release|x86 = Release|x86
	EndGlobalSection
	GlobalSection(ProjectConfigurationPlatforms) = postSolution
		{3D2B7211-BFEA-47C3-97FD-49D888DF026E}.AutomatedDebug|Any CPU.ActiveCfg = AutomatedDebug|x86
		{3D2B7211-BFEA-47C3-97FD-49D888DF026E}.AutomatedDebug|Mixed Platforms.ActiveCfg = AutomatedDebug|x86
		{3D2B7211-BFEA-47C3-97FD-49D888DF026E}.AutomatedDebug|Mixed Platforms.Build.0 = AutomatedDebug|x86
		{3D2B7211-BFEA-47C3-97FD-49D888DF026E}.AutomatedDebug|x86.ActiveCfg = AutomatedDebug|x86
		{3D2B7211-BFEA-47C3-97FD-49D888DF026E}.AutomatedDebug|x86.Build.0 = AutomatedDebug|x86
		{3D2B7211-BFEA-47C3-97FD-49D888DF026E}.AutomatedRelease|Any CPU.ActiveCfg = AutomatedRelease|x86
		{3D2B7211-BFEA-47C3-97FD-49D888DF026E}.AutomatedRelease|Mixed Platforms.ActiveCfg = AutomatedRelease|x86
		{3D2B7211-BFEA-47C3-97FD-49D888DF026E}.AutomatedRelease|Mixed Platforms.Build.0 = AutomatedRelease|x86
		{3D2B7211-BFEA-47C3-97FD-49D888DF026E}.AutomatedRelease|x86.ActiveCfg = AutomatedRelease|x86
		{3D2B7211-BFEA-47C3-97FD-49D888DF026E}.AutomatedRelease|x86.Build.0 = AutomatedRelease|x86
		{3D2B7211-BFEA-47C3-97FD-49D888DF026E}.Debug|Any CPU.ActiveCfg = Debug|x86
		{3D2B7211-BFEA-47C3-97FD-49D888DF026E}.Debug|Mixed Platforms.ActiveCfg = Debug|x86
		{3D2B7211-BFEA-47C3-97FD-49D888DF026E}.Debug|Mixed Platforms.Build.0 = Debug|x86
		{3D2B7211-BFEA-47C3-97FD-49D888DF026E}.Debug|x86.ActiveCfg = Debug|x86
		{3D2B7211-BFEA-47C3-97FD-49D888DF026E}.Debug|x86.Build.0 = Debug|x86
		{3D2B7211-BFEA-47C3-97FD-49D888DF026E}.Release|Any CPU.ActiveCfg = Release|x86
		{3D2B7211-BFEA-47C3-97FD-49D888DF026E}.Release|Mixed Platforms.ActiveCfg = Release|x86
		{3D2B7211-BFEA-47C3-97FD-49D888DF026E}.Release|Mixed Platforms.Build.0 = Release|x86
		{3D2B7211-BFEA-47C3-97FD-49D888DF026E}.Release|x86.ActiveCfg = Release|x86
		{3D2B7211-BFEA-47C3-97FD-49D888DF026E}.Release|x86.Build.0 = Release|x86
		{DA893984-A63C-4F50-BC14-FEA4DBA12170}.AutomatedDebug|Any CPU.ActiveCfg = AutomatedDebug|Any CPU
		{DA893984-A63C-4F50-BC14-FEA4DBA12170}.AutomatedDebug|Any CPU.Build.0 = AutomatedDebug|Any CPU
		{DA893984-A63C-4F50-BC14-FEA4DBA12170}.AutomatedDebug|Mixed Platforms.ActiveCfg = AutomatedDebug|Any CPU
		{DA893984-A63C-4F50-BC14-FEA4DBA12170}.AutomatedDebug|Mixed Platforms.Build.0 = AutomatedDebug|Any CPU
		{DA893984-A63C-4F50-BC14-FEA4DBA12170}.AutomatedDebug|x86.ActiveCfg = AutomatedDebug|Any CPU
		{DA893984-A63C-4F50-BC14-FEA4DBA12170}.AutomatedRelease|Any CPU.ActiveCfg = AutomatedRelease|Any CPU
		{DA893984-A63C-4F50-BC14-FEA4DBA12170}.AutomatedRelease|Any CPU.Build.0 = AutomatedRelease|Any CPU
		{DA893984-A63C-4F50-BC14-FEA4DBA12170}.AutomatedRelease|Mixed Platforms.ActiveCfg = AutomatedRelease|Any CPU
		{DA893984-A63C-4F50-BC14-FEA4DBA12170}.AutomatedRelease|Mixed Platforms.Build.0 = AutomatedRelease|Any CPU
		{DA893984-A63C-4F50-BC14-FEA4DBA12170}.AutomatedRelease|x86.ActiveCfg = AutomatedRelease|Any CPU
		{DA893984-A63C-4F50-BC14-FEA4DBA12170}.Debug|Any CPU.ActiveCfg = Debug|Any CPU
		{DA893984-A63C-4F50-BC14-FEA4DBA12170}.Debug|Any CPU.Build.0 = Debug|Any CPU
		{DA893984-A63C-4F50-BC14-FEA4DBA12170}.Debug|Mixed Platforms.ActiveCfg = Debug|Any CPU
		{DA893984-A63C-4F50-BC14-FEA4DBA12170}.Debug|Mixed Platforms.Build.0 = Debug|Any CPU
		{DA893984-A63C-4F50-BC14-FEA4DBA12170}.Debug|x86.ActiveCfg = Debug|Any CPU
		{DA893984-A63C-4F50-BC14-FEA4DBA12170}.Release|Any CPU.ActiveCfg = Release|Any CPU
		{DA893984-A63C-4F50-BC14-FEA4DBA12170}.Release|Any CPU.Build.0 = Release|Any CPU
		{DA893984-A63C-4F50-BC14-FEA4DBA12170}.Release|Mixed Platforms.ActiveCfg = Release|Any CPU
		{DA893984-A63C-4F50-BC14-FEA4DBA12170}.Release|Mixed Platforms.Build.0 = Release|Any CPU
		{DA893984-A63C-4F50-BC14-FEA4DBA12170}.Release|x86.ActiveCfg = Release|Any CPU
		{9DFDBABF-D800-4E75-AC5B-6D786354D913}.AutomatedDebug|Any CPU.ActiveCfg = AutomatedDebug|Any CPU
		{9DFDBABF-D800-4E75-AC5B-6D786354D913}.AutomatedDebug|Any CPU.Build.0 = AutomatedDebug|Any CPU
		{9DFDBABF-D800-4E75-AC5B-6D786354D913}.AutomatedDebug|Mixed Platforms.ActiveCfg = AutomatedDebug|Any CPU
		{9DFDBABF-D800-4E75-AC5B-6D786354D913}.AutomatedDebug|Mixed Platforms.Build.0 = AutomatedDebug|Any CPU
		{9DFDBABF-D800-4E75-AC5B-6D786354D913}.AutomatedDebug|x86.ActiveCfg = AutomatedDebug|Any CPU
		{9DFDBABF-D800-4E75-AC5B-6D786354D913}.AutomatedRelease|Any CPU.ActiveCfg = AutomatedRelease|Any CPU
		{9DFDBABF-D800-4E75-AC5B-6D786354D913}.AutomatedRelease|Any CPU.Build.0 = AutomatedRelease|Any CPU
		{9DFDBABF-D800-4E75-AC5B-6D786354D913}.AutomatedRelease|Mixed Platforms.ActiveCfg = AutomatedRelease|Any CPU
		{9DFDBABF-D800-4E75-AC5B-6D786354D913}.AutomatedRelease|Mixed Platforms.Build.0 = AutomatedRelease|Any CPU
		{9DFDBABF-D800-4E75-AC5B-6D786354D913}.AutomatedRelease|x86.ActiveCfg = AutomatedRelease|Any CPU
		{9DFDBABF-D800-4E75-AC5B-6D786354D913}.Debug|Any CPU.ActiveCfg = Debug|Any CPU
		{9DFDBABF-D800-4E75-AC5B-6D786354D913}.Debug|Any CPU.Build.0 = Debug|Any CPU
		{9DFDBABF-D800-4E75-AC5B-6D786354D913}.Debug|Mixed Platforms.ActiveCfg = Debug|Any CPU
		{9DFDBABF-D800-4E75-AC5B-6D786354D913}.Debug|Mixed Platforms.Build.0 = Debug|Any CPU
		{9DFDBABF-D800-4E75-AC5B-6D786354D913}.Debug|x86.ActiveCfg = Debug|Any CPU
		{9DFDBABF-D800-4E75-AC5B-6D786354D913}.Release|Any CPU.ActiveCfg = Release|Any CPU
		{9DFDBABF-D800-4E75-AC5B-6D786354D913}.Release|Any CPU.Build.0 = Release|Any CPU
		{9DFDBABF-D800-4E75-AC5B-6D786354D913}.Release|Mixed Platforms.ActiveCfg = Release|Any CPU
		{9DFDBABF-D800-4E75-AC5B-6D786354D913}.Release|Mixed Platforms.Build.0 = Release|Any CPU
		{9DFDBABF-D800-4E75-AC5B-6D786354D913}.Release|x86.ActiveCfg = Release|Any CPU
	EndGlobalSection
	GlobalSection(SolutionProperties) = preSolution
		HideSolutionNode = FALSE
	EndGlobalSection
EndGlobal
